// !$*UTF8*$!
{
	archiveVersion = 1;
	classes = {
	};
	objectVersion = 50;
	objects = {

/* Begin PBXBuildFile section */
		1589B95C2AD62433C640547C /* Pods_BaseProjectTests.framework in Frameworks */ = {isa = PBXBuildFile; fileRef = EFAD8C41AA3BC04A015DECF0 /* Pods_BaseProjectTests.framework */; };
		62C429C5B495E8C236D04EAC /* Pods_BaseProject.framework in Frameworks */ = {isa = PBXBuildFile; fileRef = E83B12C789D88BDF8AEBEB9D /* Pods_BaseProject.framework */; };
		7AFC729D2551FA1800B30789 /* AppDelegate.swift in Sources */ = {isa = PBXBuildFile; fileRef = 7AFC729C2551FA1800B30789 /* AppDelegate.swift */; };
		7AFC729F2551FA1800B30789 /* SceneDelegate.swift in Sources */ = {isa = PBXBuildFile; fileRef = 7AFC729E2551FA1800B30789 /* SceneDelegate.swift */; };
		7AFC72A12551FA1800B30789 /* ViewController.swift in Sources */ = {isa = PBXBuildFile; fileRef = 7AFC72A02551FA1800B30789 /* ViewController.swift */; };
		7AFC72A62551FA1A00B30789 /* Assets.xcassets in Resources */ = {isa = PBXBuildFile; fileRef = 7AFC72A52551FA1A00B30789 /* Assets.xcassets */; };
		7AFC72A92551FA1A00B30789 /* LaunchScreen.storyboard in Resources */ = {isa = PBXBuildFile; fileRef = 7AFC72A72551FA1A00B30789 /* LaunchScreen.storyboard */; };
		7AFC72B42551FA1A00B30789 /* BaseProjectTests.swift in Sources */ = {isa = PBXBuildFile; fileRef = 7AFC72B32551FA1A00B30789 /* BaseProjectTests.swift */; };
		7AFC72BF2551FA1A00B30789 /* BaseProjectUITests.swift in Sources */ = {isa = PBXBuildFile; fileRef = 7AFC72BE2551FA1A00B30789 /* BaseProjectUITests.swift */; };
		7AFC739E2551FF4F00B30789 /* DataProvider.framework in Frameworks */ = {isa = PBXBuildFile; fileRef = 7AFC739D2551FF4F00B30789 /* DataProvider.framework */; };
		7AFC739F2551FF4F00B30789 /* DataProvider.framework in Embed Frameworks */ = {isa = PBXBuildFile; fileRef = 7AFC739D2551FF4F00B30789 /* DataProvider.framework */; settings = {ATTRIBUTES = (CodeSignOnCopy, RemoveHeadersOnCopy, ); }; };
		7AFC73A42551FF5400B30789 /* UIComponents.framework in Frameworks */ = {isa = PBXBuildFile; fileRef = 7AFC73A32551FF5400B30789 /* UIComponents.framework */; };
		7AFC73A52551FF5400B30789 /* UIComponents.framework in Embed Frameworks */ = {isa = PBXBuildFile; fileRef = 7AFC73A32551FF5400B30789 /* UIComponents.framework */; settings = {ATTRIBUTES = (CodeSignOnCopy, RemoveHeadersOnCopy, ); }; };
		7AFC73A92551FF5800B30789 /* Utilities.framework in Frameworks */ = {isa = PBXBuildFile; fileRef = 7AFC73A82551FF5800B30789 /* Utilities.framework */; };
		7AFC73AA2551FF5800B30789 /* Utilities.framework in Embed Frameworks */ = {isa = PBXBuildFile; fileRef = 7AFC73A82551FF5800B30789 /* Utilities.framework */; settings = {ATTRIBUTES = (CodeSignOnCopy, RemoveHeadersOnCopy, ); }; };
		AEFC75CBA79E41F2387B3E4C /* Pods_BaseProject_BaseProjectUITests.framework in Frameworks */ = {isa = PBXBuildFile; fileRef = 5D335F952D153252D67D7CB3 /* Pods_BaseProject_BaseProjectUITests.framework */; };
/* End PBXBuildFile section */

/* Begin PBXContainerItemProxy section */
		7AFC72B02551FA1A00B30789 /* PBXContainerItemProxy */ = {
			isa = PBXContainerItemProxy;
			containerPortal = 7AFC72912551FA1800B30789 /* Project object */;
			proxyType = 1;
			remoteGlobalIDString = 7AFC72982551FA1800B30789;
			remoteInfo = BaseProject;
		};
		7AFC72BB2551FA1A00B30789 /* PBXContainerItemProxy */ = {
			isa = PBXContainerItemProxy;
			containerPortal = 7AFC72912551FA1800B30789 /* Project object */;
			proxyType = 1;
			remoteGlobalIDString = 7AFC72982551FA1800B30789;
			remoteInfo = BaseProject;
		};
/* End PBXContainerItemProxy section */

/* Begin PBXCopyFilesBuildPhase section */
		7AFC73A02551FF4F00B30789 /* Embed Frameworks */ = {
			isa = PBXCopyFilesBuildPhase;
			buildActionMask = 2147483647;
			dstPath = "";
			dstSubfolderSpec = 10;
			files = (
				7AFC73A52551FF5400B30789 /* UIComponents.framework in Embed Frameworks */,
				7AFC73AA2551FF5800B30789 /* Utilities.framework in Embed Frameworks */,
				7AFC739F2551FF4F00B30789 /* DataProvider.framework in Embed Frameworks */,
			);
			name = "Embed Frameworks";
			runOnlyForDeploymentPostprocessing = 0;
		};
/* End PBXCopyFilesBuildPhase section */

/* Begin PBXFileReference section */
		0AD4618E7EA1EBE8DCCEF6BA /* Pods-BaseProjectTests.release.xcconfig */ = {isa = PBXFileReference; includeInIndex = 1; lastKnownFileType = text.xcconfig; name = "Pods-BaseProjectTests.release.xcconfig"; path = "Target Support Files/Pods-BaseProjectTests/Pods-BaseProjectTests.release.xcconfig"; sourceTree = "<group>"; };
		1A588C62EA483BF76055A722 /* Pods-BaseProject.development.xcconfig */ = {isa = PBXFileReference; includeInIndex = 1; lastKnownFileType = text.xcconfig; name = "Pods-BaseProject.development.xcconfig"; path = "Target Support Files/Pods-BaseProject/Pods-BaseProject.development.xcconfig"; sourceTree = "<group>"; };
		2D18BB336B2BEE2C2E30B0FE /* Pods-BaseProject.release.xcconfig */ = {isa = PBXFileReference; includeInIndex = 1; lastKnownFileType = text.xcconfig; name = "Pods-BaseProject.release.xcconfig"; path = "Target Support Files/Pods-BaseProject/Pods-BaseProject.release.xcconfig"; sourceTree = "<group>"; };
		5D335F952D153252D67D7CB3 /* Pods_BaseProject_BaseProjectUITests.framework */ = {isa = PBXFileReference; explicitFileType = wrapper.framework; includeInIndex = 0; path = Pods_BaseProject_BaseProjectUITests.framework; sourceTree = BUILT_PRODUCTS_DIR; };
		63848529626C428DB1A4B715 /* Pods-BaseProject-BaseProjectUITests.release.xcconfig */ = {isa = PBXFileReference; includeInIndex = 1; lastKnownFileType = text.xcconfig; name = "Pods-BaseProject-BaseProjectUITests.release.xcconfig"; path = "Target Support Files/Pods-BaseProject-BaseProjectUITests/Pods-BaseProject-BaseProjectUITests.release.xcconfig"; sourceTree = "<group>"; };
		7AFC72992551FA1800B30789 /* BaseProject.app */ = {isa = PBXFileReference; explicitFileType = wrapper.application; includeInIndex = 0; path = BaseProject.app; sourceTree = BUILT_PRODUCTS_DIR; };
		7AFC729C2551FA1800B30789 /* AppDelegate.swift */ = {isa = PBXFileReference; lastKnownFileType = sourcecode.swift; path = AppDelegate.swift; sourceTree = "<group>"; };
		7AFC729E2551FA1800B30789 /* SceneDelegate.swift */ = {isa = PBXFileReference; lastKnownFileType = sourcecode.swift; path = SceneDelegate.swift; sourceTree = "<group>"; };
		7AFC72A02551FA1800B30789 /* ViewController.swift */ = {isa = PBXFileReference; lastKnownFileType = sourcecode.swift; path = ViewController.swift; sourceTree = "<group>"; };
		7AFC72A52551FA1A00B30789 /* Assets.xcassets */ = {isa = PBXFileReference; lastKnownFileType = folder.assetcatalog; path = Assets.xcassets; sourceTree = "<group>"; };
		7AFC72A82551FA1A00B30789 /* Base */ = {isa = PBXFileReference; lastKnownFileType = file.storyboard; name = Base; path = Base.lproj/LaunchScreen.storyboard; sourceTree = "<group>"; };
		7AFC72AA2551FA1A00B30789 /* Info.plist */ = {isa = PBXFileReference; lastKnownFileType = text.plist.xml; path = Info.plist; sourceTree = "<group>"; };
		7AFC72AF2551FA1A00B30789 /* BaseProjectTests.xctest */ = {isa = PBXFileReference; explicitFileType = wrapper.cfbundle; includeInIndex = 0; path = BaseProjectTests.xctest; sourceTree = BUILT_PRODUCTS_DIR; };
		7AFC72B32551FA1A00B30789 /* BaseProjectTests.swift */ = {isa = PBXFileReference; lastKnownFileType = sourcecode.swift; path = BaseProjectTests.swift; sourceTree = "<group>"; };
		7AFC72B52551FA1A00B30789 /* Info.plist */ = {isa = PBXFileReference; lastKnownFileType = text.plist.xml; path = Info.plist; sourceTree = "<group>"; };
		7AFC72BA2551FA1A00B30789 /* BaseProjectUITests.xctest */ = {isa = PBXFileReference; explicitFileType = wrapper.cfbundle; includeInIndex = 0; path = BaseProjectUITests.xctest; sourceTree = BUILT_PRODUCTS_DIR; };
		7AFC72BE2551FA1A00B30789 /* BaseProjectUITests.swift */ = {isa = PBXFileReference; lastKnownFileType = sourcecode.swift; path = BaseProjectUITests.swift; sourceTree = "<group>"; };
		7AFC72C02551FA1A00B30789 /* Info.plist */ = {isa = PBXFileReference; lastKnownFileType = text.plist.xml; path = Info.plist; sourceTree = "<group>"; };
		7AFC72E02551FC3300B30789 /* Info-Debug.plist */ = {isa = PBXFileReference; fileEncoding = 4; lastKnownFileType = text.plist.xml; path = "Info-Debug.plist"; sourceTree = "<group>"; };
		7AFC72E52551FC3900B30789 /* Info-Development.plist */ = {isa = PBXFileReference; fileEncoding = 4; lastKnownFileType = text.plist.xml; path = "Info-Development.plist"; sourceTree = "<group>"; };
		7AFC73472551FEBF00B30789 /* BaseProject-Bridging-Header.h */ = {isa = PBXFileReference; lastKnownFileType = sourcecode.c.h; path = "BaseProject-Bridging-Header.h"; sourceTree = "<group>"; };
		7AFC739D2551FF4F00B30789 /* DataProvider.framework */ = {isa = PBXFileReference; explicitFileType = wrapper.framework; path = DataProvider.framework; sourceTree = BUILT_PRODUCTS_DIR; };
		7AFC73A32551FF5400B30789 /* UIComponents.framework */ = {isa = PBXFileReference; explicitFileType = wrapper.framework; path = UIComponents.framework; sourceTree = BUILT_PRODUCTS_DIR; };
		7AFC73A82551FF5800B30789 /* Utilities.framework */ = {isa = PBXFileReference; explicitFileType = wrapper.framework; path = Utilities.framework; sourceTree = BUILT_PRODUCTS_DIR; };
		7CCB22CB28D4B8E8C4857052 /* Pods-BaseProject-BaseProjectUITests.development.xcconfig */ = {isa = PBXFileReference; includeInIndex = 1; lastKnownFileType = text.xcconfig; name = "Pods-BaseProject-BaseProjectUITests.development.xcconfig"; path = "Target Support Files/Pods-BaseProject-BaseProjectUITests/Pods-BaseProject-BaseProjectUITests.development.xcconfig"; sourceTree = "<group>"; };
		85EEDEF91B8548A2BFF72A03 /* Pods-BaseProjectTests.debug.xcconfig */ = {isa = PBXFileReference; includeInIndex = 1; lastKnownFileType = text.xcconfig; name = "Pods-BaseProjectTests.debug.xcconfig"; path = "Target Support Files/Pods-BaseProjectTests/Pods-BaseProjectTests.debug.xcconfig"; sourceTree = "<group>"; };
		9EE74B72D7103B4200056E66 /* Pods-BaseProjectTests.development.xcconfig */ = {isa = PBXFileReference; includeInIndex = 1; lastKnownFileType = text.xcconfig; name = "Pods-BaseProjectTests.development.xcconfig"; path = "Target Support Files/Pods-BaseProjectTests/Pods-BaseProjectTests.development.xcconfig"; sourceTree = "<group>"; };
		A0DB94EB2E126EC0B6A87989 /* Pods-BaseProject-BaseProjectUITests.debug.xcconfig */ = {isa = PBXFileReference; includeInIndex = 1; lastKnownFileType = text.xcconfig; name = "Pods-BaseProject-BaseProjectUITests.debug.xcconfig"; path = "Target Support Files/Pods-BaseProject-BaseProjectUITests/Pods-BaseProject-BaseProjectUITests.debug.xcconfig"; sourceTree = "<group>"; };
		E3FA1C4CBFB3C111DD5A0794 /* Pods-BaseProject.debug.xcconfig */ = {isa = PBXFileReference; includeInIndex = 1; lastKnownFileType = text.xcconfig; name = "Pods-BaseProject.debug.xcconfig"; path = "Target Support Files/Pods-BaseProject/Pods-BaseProject.debug.xcconfig"; sourceTree = "<group>"; };
		E83B12C789D88BDF8AEBEB9D /* Pods_BaseProject.framework */ = {isa = PBXFileReference; explicitFileType = wrapper.framework; includeInIndex = 0; path = Pods_BaseProject.framework; sourceTree = BUILT_PRODUCTS_DIR; };
		EFAD8C41AA3BC04A015DECF0 /* Pods_BaseProjectTests.framework */ = {isa = PBXFileReference; explicitFileType = wrapper.framework; includeInIndex = 0; path = Pods_BaseProjectTests.framework; sourceTree = BUILT_PRODUCTS_DIR; };
/* End PBXFileReference section */

/* Begin PBXFrameworksBuildPhase section */
		7AFC72962551FA1800B30789 /* Frameworks */ = {
			isa = PBXFrameworksBuildPhase;
			buildActionMask = 2147483647;
			files = (
				62C429C5B495E8C236D04EAC /* Pods_BaseProject.framework in Frameworks */,
				7AFC73A42551FF5400B30789 /* UIComponents.framework in Frameworks */,
				7AFC739E2551FF4F00B30789 /* DataProvider.framework in Frameworks */,
				7AFC73A92551FF5800B30789 /* Utilities.framework in Frameworks */,
			);
			runOnlyForDeploymentPostprocessing = 0;
		};
		7AFC72AC2551FA1A00B30789 /* Frameworks */ = {
			isa = PBXFrameworksBuildPhase;
			buildActionMask = 2147483647;
			files = (
				1589B95C2AD62433C640547C /* Pods_BaseProjectTests.framework in Frameworks */,
			);
			runOnlyForDeploymentPostprocessing = 0;
		};
		7AFC72B72551FA1A00B30789 /* Frameworks */ = {
			isa = PBXFrameworksBuildPhase;
			buildActionMask = 2147483647;
			files = (
				AEFC75CBA79E41F2387B3E4C /* Pods_BaseProject_BaseProjectUITests.framework in Frameworks */,
			);
			runOnlyForDeploymentPostprocessing = 0;
		};
/* End PBXFrameworksBuildPhase section */

/* Begin PBXGroup section */
		7AFC72902551FA1800B30789 = {
			isa = PBXGroup;
			children = (
				7AFC729B2551FA1800B30789 /* BaseProject */,
				7AFC72B22551FA1A00B30789 /* BaseProjectTests */,
				7AFC72BD2551FA1A00B30789 /* BaseProjectUITests */,
				7AFC729A2551FA1800B30789 /* Products */,
				EC9CE6215DBDE8CF8EDA2EF8 /* Pods */,
				DBF57CA68880BD6211571426 /* Frameworks */,
			);
			sourceTree = "<group>";
		};
		7AFC729A2551FA1800B30789 /* Products */ = {
			isa = PBXGroup;
			children = (
				7AFC72992551FA1800B30789 /* BaseProject.app */,
				7AFC72AF2551FA1A00B30789 /* BaseProjectTests.xctest */,
				7AFC72BA2551FA1A00B30789 /* BaseProjectUITests.xctest */,
			);
			name = Products;
			sourceTree = "<group>";
		};
		7AFC729B2551FA1800B30789 /* BaseProject */ = {
			isa = PBXGroup;
			children = (
				7AFC72DC2551FBFC00B30789 /* AppDelegate */,
				7AFC72DB2551FBF800B30789 /* Configurations */,
				7AFC72A02551FA1800B30789 /* ViewController.swift */,
				7AFC72A52551FA1A00B30789 /* Assets.xcassets */,
				7AFC72A72551FA1A00B30789 /* LaunchScreen.storyboard */,
			);
			path = BaseProject;
			sourceTree = "<group>";
		};
		7AFC72B22551FA1A00B30789 /* BaseProjectTests */ = {
			isa = PBXGroup;
			children = (
				7AFC72B32551FA1A00B30789 /* BaseProjectTests.swift */,
				7AFC72B52551FA1A00B30789 /* Info.plist */,
			);
			path = BaseProjectTests;
			sourceTree = "<group>";
		};
		7AFC72BD2551FA1A00B30789 /* BaseProjectUITests */ = {
			isa = PBXGroup;
			children = (
				7AFC72BE2551FA1A00B30789 /* BaseProjectUITests.swift */,
				7AFC72C02551FA1A00B30789 /* Info.plist */,
			);
			path = BaseProjectUITests;
			sourceTree = "<group>";
		};
		7AFC72DB2551FBF800B30789 /* Configurations */ = {
			isa = PBXGroup;
			children = (
				7AFC72DF2551FC1400B30789 /* Development */,
				7AFC72DE2551FC1000B30789 /* Debug */,
				7AFC72DD2551FC0B00B30789 /* Release */,
				7AFC73472551FEBF00B30789 /* BaseProject-Bridging-Header.h */,
			);
			path = Configurations;
			sourceTree = "<group>";
		};
		7AFC72DC2551FBFC00B30789 /* AppDelegate */ = {
			isa = PBXGroup;
			children = (
				7AFC729E2551FA1800B30789 /* SceneDelegate.swift */,
				7AFC729C2551FA1800B30789 /* AppDelegate.swift */,
			);
			path = AppDelegate;
			sourceTree = "<group>";
		};
		7AFC72DD2551FC0B00B30789 /* Release */ = {
			isa = PBXGroup;
			children = (
				7AFC72AA2551FA1A00B30789 /* Info.plist */,
			);
			path = Release;
			sourceTree = "<group>";
		};
		7AFC72DE2551FC1000B30789 /* Debug */ = {
			isa = PBXGroup;
			children = (
				7AFC72E02551FC3300B30789 /* Info-Debug.plist */,
			);
			path = Debug;
			sourceTree = "<group>";
		};
		7AFC72DF2551FC1400B30789 /* Development */ = {
			isa = PBXGroup;
			children = (
				7AFC72E52551FC3900B30789 /* Info-Development.plist */,
			);
			path = Development;
			sourceTree = "<group>";
		};
		DBF57CA68880BD6211571426 /* Frameworks */ = {
			isa = PBXGroup;
			children = (
				7AFC73A82551FF5800B30789 /* Utilities.framework */,
				7AFC73A32551FF5400B30789 /* UIComponents.framework */,
				7AFC739D2551FF4F00B30789 /* DataProvider.framework */,
				E83B12C789D88BDF8AEBEB9D /* Pods_BaseProject.framework */,
				5D335F952D153252D67D7CB3 /* Pods_BaseProject_BaseProjectUITests.framework */,
				EFAD8C41AA3BC04A015DECF0 /* Pods_BaseProjectTests.framework */,
			);
			name = Frameworks;
			sourceTree = "<group>";
		};
		EC9CE6215DBDE8CF8EDA2EF8 /* Pods */ = {
			isa = PBXGroup;
			children = (
				E3FA1C4CBFB3C111DD5A0794 /* Pods-BaseProject.debug.xcconfig */,
				2D18BB336B2BEE2C2E30B0FE /* Pods-BaseProject.release.xcconfig */,
				A0DB94EB2E126EC0B6A87989 /* Pods-BaseProject-BaseProjectUITests.debug.xcconfig */,
				63848529626C428DB1A4B715 /* Pods-BaseProject-BaseProjectUITests.release.xcconfig */,
				85EEDEF91B8548A2BFF72A03 /* Pods-BaseProjectTests.debug.xcconfig */,
				0AD4618E7EA1EBE8DCCEF6BA /* Pods-BaseProjectTests.release.xcconfig */,
				1A588C62EA483BF76055A722 /* Pods-BaseProject.development.xcconfig */,
				7CCB22CB28D4B8E8C4857052 /* Pods-BaseProject-BaseProjectUITests.development.xcconfig */,
				9EE74B72D7103B4200056E66 /* Pods-BaseProjectTests.development.xcconfig */,
			);
			path = Pods;
			sourceTree = "<group>";
		};
/* End PBXGroup section */

/* Begin PBXNativeTarget section */
		7AFC72982551FA1800B30789 /* BaseProject */ = {
			isa = PBXNativeTarget;
			buildConfigurationList = 7AFC72C32551FA1A00B30789 /* Build configuration list for PBXNativeTarget "BaseProject" */;
			buildPhases = (
				E8D667BCEC9616DD52391632 /* [CP] Check Pods Manifest.lock */,
				7AFC72952551FA1800B30789 /* Sources */,
				7AFC72962551FA1800B30789 /* Frameworks */,
				7AFC72972551FA1800B30789 /* Resources */,
				7AFC73A02551FF4F00B30789 /* Embed Frameworks */,
			);
			buildRules = (
			);
			dependencies = (
			);
			name = BaseProject;
			productName = BaseProject;
			productReference = 7AFC72992551FA1800B30789 /* BaseProject.app */;
			productType = "com.apple.product-type.application";
		};
		7AFC72AE2551FA1A00B30789 /* BaseProjectTests */ = {
			isa = PBXNativeTarget;
			buildConfigurationList = 7AFC72C62551FA1A00B30789 /* Build configuration list for PBXNativeTarget "BaseProjectTests" */;
			buildPhases = (
				A716BFC08D69E0667B5F6085 /* [CP] Check Pods Manifest.lock */,
				7AFC72AB2551FA1A00B30789 /* Sources */,
				7AFC72AC2551FA1A00B30789 /* Frameworks */,
				7AFC72AD2551FA1A00B30789 /* Resources */,
			);
			buildRules = (
			);
			dependencies = (
				7AFC72B12551FA1A00B30789 /* PBXTargetDependency */,
			);
			name = BaseProjectTests;
			productName = BaseProjectTests;
			productReference = 7AFC72AF2551FA1A00B30789 /* BaseProjectTests.xctest */;
			productType = "com.apple.product-type.bundle.unit-test";
		};
		7AFC72B92551FA1A00B30789 /* BaseProjectUITests */ = {
			isa = PBXNativeTarget;
			buildConfigurationList = 7AFC72C92551FA1A00B30789 /* Build configuration list for PBXNativeTarget "BaseProjectUITests" */;
			buildPhases = (
				AB0517A1B4961DB9FAEA7E94 /* [CP] Check Pods Manifest.lock */,
				7AFC72B62551FA1A00B30789 /* Sources */,
				7AFC72B72551FA1A00B30789 /* Frameworks */,
				7AFC72B82551FA1A00B30789 /* Resources */,
			);
			buildRules = (
			);
			dependencies = (
				7AFC72BC2551FA1A00B30789 /* PBXTargetDependency */,
			);
			name = BaseProjectUITests;
			productName = BaseProjectUITests;
			productReference = 7AFC72BA2551FA1A00B30789 /* BaseProjectUITests.xctest */;
			productType = "com.apple.product-type.bundle.ui-testing";
		};
/* End PBXNativeTarget section */

/* Begin PBXProject section */
		7AFC72912551FA1800B30789 /* Project object */ = {
			isa = PBXProject;
			attributes = {
				LastSwiftUpdateCheck = 1210;
				LastUpgradeCheck = 1210;
				ORGANIZATIONNAME = "Mehmet Salih Aslan";
				TargetAttributes = {
					7AFC72982551FA1800B30789 = {
						CreatedOnToolsVersion = 12.1;
					};
					7AFC72AE2551FA1A00B30789 = {
						CreatedOnToolsVersion = 12.1;
						TestTargetID = 7AFC72982551FA1800B30789;
					};
					7AFC72B92551FA1A00B30789 = {
						CreatedOnToolsVersion = 12.1;
						TestTargetID = 7AFC72982551FA1800B30789;
					};
				};
			};
			buildConfigurationList = 7AFC72942551FA1800B30789 /* Build configuration list for PBXProject "BaseProject" */;
			compatibilityVersion = "Xcode 9.3";
			developmentRegion = en;
			hasScannedForEncodings = 0;
			knownRegions = (
				en,
				Base,
			);
			mainGroup = 7AFC72902551FA1800B30789;
			productRefGroup = 7AFC729A2551FA1800B30789 /* Products */;
			projectDirPath = "";
			projectRoot = "";
			targets = (
				7AFC72982551FA1800B30789 /* BaseProject */,
				7AFC72AE2551FA1A00B30789 /* BaseProjectTests */,
				7AFC72B92551FA1A00B30789 /* BaseProjectUITests */,
			);
		};
/* End PBXProject section */

/* Begin PBXResourcesBuildPhase section */
		7AFC72972551FA1800B30789 /* Resources */ = {
			isa = PBXResourcesBuildPhase;
			buildActionMask = 2147483647;
			files = (
				7AFC72A92551FA1A00B30789 /* LaunchScreen.storyboard in Resources */,
				7AFC72A62551FA1A00B30789 /* Assets.xcassets in Resources */,
			);
			runOnlyForDeploymentPostprocessing = 0;
		};
		7AFC72AD2551FA1A00B30789 /* Resources */ = {
			isa = PBXResourcesBuildPhase;
			buildActionMask = 2147483647;
			files = (
			);
			runOnlyForDeploymentPostprocessing = 0;
		};
		7AFC72B82551FA1A00B30789 /* Resources */ = {
			isa = PBXResourcesBuildPhase;
			buildActionMask = 2147483647;
			files = (
			);
			runOnlyForDeploymentPostprocessing = 0;
		};
/* End PBXResourcesBuildPhase section */

/* Begin PBXShellScriptBuildPhase section */
		A716BFC08D69E0667B5F6085 /* [CP] Check Pods Manifest.lock */ = {
			isa = PBXShellScriptBuildPhase;
			buildActionMask = 2147483647;
			files = (
			);
			inputFileListPaths = (
			);
			inputPaths = (
				"${PODS_PODFILE_DIR_PATH}/Podfile.lock",
				"${PODS_ROOT}/Manifest.lock",
			);
			name = "[CP] Check Pods Manifest.lock";
			outputFileListPaths = (
			);
			outputPaths = (
				"$(DERIVED_FILE_DIR)/Pods-BaseProjectTests-checkManifestLockResult.txt",
			);
			runOnlyForDeploymentPostprocessing = 0;
			shellPath = /bin/sh;
			shellScript = "diff \"${PODS_PODFILE_DIR_PATH}/Podfile.lock\" \"${PODS_ROOT}/Manifest.lock\" > /dev/null\nif [ $? != 0 ] ; then\n    # print error to STDERR\n    echo \"error: The sandbox is not in sync with the Podfile.lock. Run 'pod install' or update your CocoaPods installation.\" >&2\n    exit 1\nfi\n# This output is used by Xcode 'outputs' to avoid re-running this script phase.\necho \"SUCCESS\" > \"${SCRIPT_OUTPUT_FILE_0}\"\n";
			showEnvVarsInLog = 0;
		};
		AB0517A1B4961DB9FAEA7E94 /* [CP] Check Pods Manifest.lock */ = {
			isa = PBXShellScriptBuildPhase;
			buildActionMask = 2147483647;
			files = (
			);
			inputFileListPaths = (
			);
			inputPaths = (
				"${PODS_PODFILE_DIR_PATH}/Podfile.lock",
				"${PODS_ROOT}/Manifest.lock",
			);
			name = "[CP] Check Pods Manifest.lock";
			outputFileListPaths = (
			);
			outputPaths = (
				"$(DERIVED_FILE_DIR)/Pods-BaseProject-BaseProjectUITests-checkManifestLockResult.txt",
			);
			runOnlyForDeploymentPostprocessing = 0;
			shellPath = /bin/sh;
			shellScript = "diff \"${PODS_PODFILE_DIR_PATH}/Podfile.lock\" \"${PODS_ROOT}/Manifest.lock\" > /dev/null\nif [ $? != 0 ] ; then\n    # print error to STDERR\n    echo \"error: The sandbox is not in sync with the Podfile.lock. Run 'pod install' or update your CocoaPods installation.\" >&2\n    exit 1\nfi\n# This output is used by Xcode 'outputs' to avoid re-running this script phase.\necho \"SUCCESS\" > \"${SCRIPT_OUTPUT_FILE_0}\"\n";
			showEnvVarsInLog = 0;
		};
		E8D667BCEC9616DD52391632 /* [CP] Check Pods Manifest.lock */ = {
			isa = PBXShellScriptBuildPhase;
			buildActionMask = 2147483647;
			files = (
			);
			inputFileListPaths = (
			);
			inputPaths = (
				"${PODS_PODFILE_DIR_PATH}/Podfile.lock",
				"${PODS_ROOT}/Manifest.lock",
			);
			name = "[CP] Check Pods Manifest.lock";
			outputFileListPaths = (
			);
			outputPaths = (
				"$(DERIVED_FILE_DIR)/Pods-BaseProject-checkManifestLockResult.txt",
			);
			runOnlyForDeploymentPostprocessing = 0;
			shellPath = /bin/sh;
			shellScript = "diff \"${PODS_PODFILE_DIR_PATH}/Podfile.lock\" \"${PODS_ROOT}/Manifest.lock\" > /dev/null\nif [ $? != 0 ] ; then\n    # print error to STDERR\n    echo \"error: The sandbox is not in sync with the Podfile.lock. Run 'pod install' or update your CocoaPods installation.\" >&2\n    exit 1\nfi\n# This output is used by Xcode 'outputs' to avoid re-running this script phase.\necho \"SUCCESS\" > \"${SCRIPT_OUTPUT_FILE_0}\"\n";
			showEnvVarsInLog = 0;
		};
/* End PBXShellScriptBuildPhase section */

/* Begin PBXSourcesBuildPhase section */
		7AFC72952551FA1800B30789 /* Sources */ = {
			isa = PBXSourcesBuildPhase;
			buildActionMask = 2147483647;
			files = (
				7AFC72A12551FA1800B30789 /* ViewController.swift in Sources */,
				7AFC729D2551FA1800B30789 /* AppDelegate.swift in Sources */,
				7AFC729F2551FA1800B30789 /* SceneDelegate.swift in Sources */,
			);
			runOnlyForDeploymentPostprocessing = 0;
		};
		7AFC72AB2551FA1A00B30789 /* Sources */ = {
			isa = PBXSourcesBuildPhase;
			buildActionMask = 2147483647;
			files = (
				7AFC72B42551FA1A00B30789 /* BaseProjectTests.swift in Sources */,
			);
			runOnlyForDeploymentPostprocessing = 0;
		};
		7AFC72B62551FA1A00B30789 /* Sources */ = {
			isa = PBXSourcesBuildPhase;
			buildActionMask = 2147483647;
			files = (
				7AFC72BF2551FA1A00B30789 /* BaseProjectUITests.swift in Sources */,
			);
			runOnlyForDeploymentPostprocessing = 0;
		};
/* End PBXSourcesBuildPhase section */

/* Begin PBXTargetDependency section */
		7AFC72B12551FA1A00B30789 /* PBXTargetDependency */ = {
			isa = PBXTargetDependency;
			target = 7AFC72982551FA1800B30789 /* BaseProject */;
			targetProxy = 7AFC72B02551FA1A00B30789 /* PBXContainerItemProxy */;
		};
		7AFC72BC2551FA1A00B30789 /* PBXTargetDependency */ = {
			isa = PBXTargetDependency;
			target = 7AFC72982551FA1800B30789 /* BaseProject */;
			targetProxy = 7AFC72BB2551FA1A00B30789 /* PBXContainerItemProxy */;
		};
/* End PBXTargetDependency section */

/* Begin PBXVariantGroup section */
		7AFC72A72551FA1A00B30789 /* LaunchScreen.storyboard */ = {
			isa = PBXVariantGroup;
			children = (
				7AFC72A82551FA1A00B30789 /* Base */,
			);
			name = LaunchScreen.storyboard;
			sourceTree = "<group>";
		};
/* End PBXVariantGroup section */

/* Begin XCBuildConfiguration section */
		7AFC72C12551FA1A00B30789 /* Debug */ = {
			isa = XCBuildConfiguration;
			buildSettings = {
				ALWAYS_SEARCH_USER_PATHS = NO;
				CLANG_ANALYZER_NONNULL = YES;
				CLANG_ANALYZER_NUMBER_OBJECT_CONVERSION = YES_AGGRESSIVE;
				CLANG_CXX_LANGUAGE_STANDARD = "gnu++14";
				CLANG_CXX_LIBRARY = "libc++";
				CLANG_ENABLE_MODULES = YES;
				CLANG_ENABLE_OBJC_ARC = YES;
				CLANG_ENABLE_OBJC_WEAK = YES;
				CLANG_WARN_BLOCK_CAPTURE_AUTORELEASING = YES;
				CLANG_WARN_BOOL_CONVERSION = YES;
				CLANG_WARN_COMMA = YES;
				CLANG_WARN_CONSTANT_CONVERSION = YES;
				CLANG_WARN_DEPRECATED_OBJC_IMPLEMENTATIONS = YES;
				CLANG_WARN_DIRECT_OBJC_ISA_USAGE = YES_ERROR;
				CLANG_WARN_DOCUMENTATION_COMMENTS = YES;
				CLANG_WARN_EMPTY_BODY = YES;
				CLANG_WARN_ENUM_CONVERSION = YES;
				CLANG_WARN_INFINITE_RECURSION = YES;
				CLANG_WARN_INT_CONVERSION = YES;
				CLANG_WARN_NON_LITERAL_NULL_CONVERSION = YES;
				CLANG_WARN_OBJC_IMPLICIT_RETAIN_SELF = YES;
				CLANG_WARN_OBJC_LITERAL_CONVERSION = YES;
				CLANG_WARN_OBJC_ROOT_CLASS = YES_ERROR;
				CLANG_WARN_QUOTED_INCLUDE_IN_FRAMEWORK_HEADER = YES;
				CLANG_WARN_RANGE_LOOP_ANALYSIS = YES;
				CLANG_WARN_STRICT_PROTOTYPES = YES;
				CLANG_WARN_SUSPICIOUS_MOVE = YES;
				CLANG_WARN_UNGUARDED_AVAILABILITY = YES_AGGRESSIVE;
				CLANG_WARN_UNREACHABLE_CODE = YES;
				CLANG_WARN__DUPLICATE_METHOD_MATCH = YES;
				COPY_PHASE_STRIP = NO;
				DEBUG_INFORMATION_FORMAT = dwarf;
				ENABLE_STRICT_OBJC_MSGSEND = YES;
				ENABLE_TESTABILITY = YES;
				GCC_C_LANGUAGE_STANDARD = gnu11;
				GCC_DYNAMIC_NO_PIC = NO;
				GCC_NO_COMMON_BLOCKS = YES;
				GCC_OPTIMIZATION_LEVEL = 0;
				GCC_PREPROCESSOR_DEFINITIONS = (
					"DEBUG=1",
					"$(inherited)",
				);
				GCC_WARN_64_TO_32_BIT_CONVERSION = YES;
				GCC_WARN_ABOUT_RETURN_TYPE = YES_ERROR;
				GCC_WARN_UNDECLARED_SELECTOR = YES;
				GCC_WARN_UNINITIALIZED_AUTOS = YES_AGGRESSIVE;
				GCC_WARN_UNUSED_FUNCTION = YES;
				GCC_WARN_UNUSED_VARIABLE = YES;
				IPHONEOS_DEPLOYMENT_TARGET = 14.1;
				MTL_ENABLE_DEBUG_INFO = INCLUDE_SOURCE;
				MTL_FAST_MATH = YES;
				ONLY_ACTIVE_ARCH = YES;
				SDKROOT = iphoneos;
				SWIFT_ACTIVE_COMPILATION_CONDITIONS = DEBUG;
				SWIFT_OPTIMIZATION_LEVEL = "-Onone";
			};
			name = Debug;
		};
		7AFC72C22551FA1A00B30789 /* Release */ = {
			isa = XCBuildConfiguration;
			buildSettings = {
				ALWAYS_SEARCH_USER_PATHS = NO;
				CLANG_ANALYZER_NONNULL = YES;
				CLANG_ANALYZER_NUMBER_OBJECT_CONVERSION = YES_AGGRESSIVE;
				CLANG_CXX_LANGUAGE_STANDARD = "gnu++14";
				CLANG_CXX_LIBRARY = "libc++";
				CLANG_ENABLE_MODULES = YES;
				CLANG_ENABLE_OBJC_ARC = YES;
				CLANG_ENABLE_OBJC_WEAK = YES;
				CLANG_WARN_BLOCK_CAPTURE_AUTORELEASING = YES;
				CLANG_WARN_BOOL_CONVERSION = YES;
				CLANG_WARN_COMMA = YES;
				CLANG_WARN_CONSTANT_CONVERSION = YES;
				CLANG_WARN_DEPRECATED_OBJC_IMPLEMENTATIONS = YES;
				CLANG_WARN_DIRECT_OBJC_ISA_USAGE = YES_ERROR;
				CLANG_WARN_DOCUMENTATION_COMMENTS = YES;
				CLANG_WARN_EMPTY_BODY = YES;
				CLANG_WARN_ENUM_CONVERSION = YES;
				CLANG_WARN_INFINITE_RECURSION = YES;
				CLANG_WARN_INT_CONVERSION = YES;
				CLANG_WARN_NON_LITERAL_NULL_CONVERSION = YES;
				CLANG_WARN_OBJC_IMPLICIT_RETAIN_SELF = YES;
				CLANG_WARN_OBJC_LITERAL_CONVERSION = YES;
				CLANG_WARN_OBJC_ROOT_CLASS = YES_ERROR;
				CLANG_WARN_QUOTED_INCLUDE_IN_FRAMEWORK_HEADER = YES;
				CLANG_WARN_RANGE_LOOP_ANALYSIS = YES;
				CLANG_WARN_STRICT_PROTOTYPES = YES;
				CLANG_WARN_SUSPICIOUS_MOVE = YES;
				CLANG_WARN_UNGUARDED_AVAILABILITY = YES_AGGRESSIVE;
				CLANG_WARN_UNREACHABLE_CODE = YES;
				CLANG_WARN__DUPLICATE_METHOD_MATCH = YES;
				COPY_PHASE_STRIP = NO;
				DEBUG_INFORMATION_FORMAT = "dwarf-with-dsym";
				ENABLE_NS_ASSERTIONS = NO;
				ENABLE_STRICT_OBJC_MSGSEND = YES;
				GCC_C_LANGUAGE_STANDARD = gnu11;
				GCC_NO_COMMON_BLOCKS = YES;
				GCC_WARN_64_TO_32_BIT_CONVERSION = YES;
				GCC_WARN_ABOUT_RETURN_TYPE = YES_ERROR;
				GCC_WARN_UNDECLARED_SELECTOR = YES;
				GCC_WARN_UNINITIALIZED_AUTOS = YES_AGGRESSIVE;
				GCC_WARN_UNUSED_FUNCTION = YES;
				GCC_WARN_UNUSED_VARIABLE = YES;
				IPHONEOS_DEPLOYMENT_TARGET = 14.1;
				MTL_ENABLE_DEBUG_INFO = NO;
				MTL_FAST_MATH = YES;
				SDKROOT = iphoneos;
				SWIFT_COMPILATION_MODE = wholemodule;
				SWIFT_OPTIMIZATION_LEVEL = "-O";
				VALIDATE_PRODUCT = YES;
			};
			name = Release;
		};
		7AFC72C42551FA1A00B30789 /* Debug */ = {
			isa = XCBuildConfiguration;
			baseConfigurationReference = E3FA1C4CBFB3C111DD5A0794 /* Pods-BaseProject.debug.xcconfig */;
			buildSettings = {
				ASSETCATALOG_COMPILER_APPICON_NAME = AppIcon;
				ASSETCATALOG_COMPILER_GLOBAL_ACCENT_COLOR_NAME = AccentColor;
				CODE_SIGN_STYLE = Automatic;
				DEVELOPMENT_TEAM = 6WJEW78823;
				INFOPLIST_FILE = "BaseProject/Configurations/Debug/Info-Debug.plist";
				LD_RUNPATH_SEARCH_PATHS = (
					"$(inherited)",
					"@executable_path/Frameworks",
				);
				PRODUCT_BUNDLE_IDENTIFIER = com.aslanmehmetsalih.baseproject.debug;
				PRODUCT_NAME = "$(TARGET_NAME)";
				SWIFT_OBJC_BRIDGING_HEADER = "BaseProject/Configurations/BaseProject-Bridging-Header.h";
				SWIFT_VERSION = 5.0;
				TARGETED_DEVICE_FAMILY = "1,2";
			};
			name = Debug;
		};
		7AFC72C52551FA1A00B30789 /* Release */ = {
			isa = XCBuildConfiguration;
			baseConfigurationReference = 2D18BB336B2BEE2C2E30B0FE /* Pods-BaseProject.release.xcconfig */;
			buildSettings = {
				ASSETCATALOG_COMPILER_APPICON_NAME = AppIcon;
				ASSETCATALOG_COMPILER_GLOBAL_ACCENT_COLOR_NAME = AccentColor;
				CODE_SIGN_STYLE = Automatic;
				DEVELOPMENT_TEAM = 6WJEW78823;
				INFOPLIST_FILE = BaseProject/Configurations/Release/Info.plist;
				LD_RUNPATH_SEARCH_PATHS = (
					"$(inherited)",
					"@executable_path/Frameworks",
				);
				PRODUCT_BUNDLE_IDENTIFIER = com.aslanmehmetsalih.baseproject;
				PRODUCT_NAME = "$(TARGET_NAME)";
				SWIFT_OBJC_BRIDGING_HEADER = "BaseProject/Configurations/BaseProject-Bridging-Header.h";
				SWIFT_VERSION = 5.0;
				TARGETED_DEVICE_FAMILY = "1,2";
			};
			name = Release;
		};
		7AFC72C72551FA1A00B30789 /* Debug */ = {
			isa = XCBuildConfiguration;
			baseConfigurationReference = 85EEDEF91B8548A2BFF72A03 /* Pods-BaseProjectTests.debug.xcconfig */;
			buildSettings = {
				ALWAYS_EMBED_SWIFT_STANDARD_LIBRARIES = YES;
				BUNDLE_LOADER = "$(TEST_HOST)";
				CODE_SIGN_STYLE = Automatic;
				DEVELOPMENT_TEAM = 6WJEW78823;
				INFOPLIST_FILE = BaseProjectTests/Info.plist;
				IPHONEOS_DEPLOYMENT_TARGET = 14.1;
				LD_RUNPATH_SEARCH_PATHS = (
					"$(inherited)",
					"@executable_path/Frameworks",
					"@loader_path/Frameworks",
				);
				PRODUCT_BUNDLE_IDENTIFIER = com.aslanmehmetsalih.BaseProjectTests;
				PRODUCT_NAME = "$(TARGET_NAME)";
				SWIFT_VERSION = 5.0;
				TARGETED_DEVICE_FAMILY = "1,2";
				TEST_HOST = "$(BUILT_PRODUCTS_DIR)/BaseProject.app/BaseProject";
			};
			name = Debug;
		};
		7AFC72C82551FA1A00B30789 /* Release */ = {
			isa = XCBuildConfiguration;
			baseConfigurationReference = 0AD4618E7EA1EBE8DCCEF6BA /* Pods-BaseProjectTests.release.xcconfig */;
			buildSettings = {
				ALWAYS_EMBED_SWIFT_STANDARD_LIBRARIES = YES;
				BUNDLE_LOADER = "$(TEST_HOST)";
				CODE_SIGN_STYLE = Automatic;
				DEVELOPMENT_TEAM = 6WJEW78823;
				INFOPLIST_FILE = BaseProjectTests/Info.plist;
				IPHONEOS_DEPLOYMENT_TARGET = 14.1;
				LD_RUNPATH_SEARCH_PATHS = (
					"$(inherited)",
					"@executable_path/Frameworks",
					"@loader_path/Frameworks",
				);
				PRODUCT_BUNDLE_IDENTIFIER = com.aslanmehmetsalih.BaseProjectTests;
				PRODUCT_NAME = "$(TARGET_NAME)";
				SWIFT_VERSION = 5.0;
				TARGETED_DEVICE_FAMILY = "1,2";
				TEST_HOST = "$(BUILT_PRODUCTS_DIR)/BaseProject.app/BaseProject";
			};
			name = Release;
		};
		7AFC72CA2551FA1A00B30789 /* Debug */ = {
			isa = XCBuildConfiguration;
			baseConfigurationReference = A0DB94EB2E126EC0B6A87989 /* Pods-BaseProject-BaseProjectUITests.debug.xcconfig */;
			buildSettings = {
				ALWAYS_EMBED_SWIFT_STANDARD_LIBRARIES = YES;
				CODE_SIGN_STYLE = Automatic;
				DEVELOPMENT_TEAM = 6WJEW78823;
				INFOPLIST_FILE = BaseProjectUITests/Info.plist;
				LD_RUNPATH_SEARCH_PATHS = (
					"$(inherited)",
					"@executable_path/Frameworks",
					"@loader_path/Frameworks",
				);
				PRODUCT_BUNDLE_IDENTIFIER = com.aslanmehmetsalih.BaseProjectUITests;
				PRODUCT_NAME = "$(TARGET_NAME)";
				SWIFT_VERSION = 5.0;
				TARGETED_DEVICE_FAMILY = "1,2";
				TEST_TARGET_NAME = BaseProject;
			};
			name = Debug;
		};
		7AFC72CB2551FA1A00B30789 /* Release */ = {
			isa = XCBuildConfiguration;
			baseConfigurationReference = 63848529626C428DB1A4B715 /* Pods-BaseProject-BaseProjectUITests.release.xcconfig */;
			buildSettings = {
				ALWAYS_EMBED_SWIFT_STANDARD_LIBRARIES = YES;
				CODE_SIGN_STYLE = Automatic;
				DEVELOPMENT_TEAM = 6WJEW78823;
				INFOPLIST_FILE = BaseProjectUITests/Info.plist;
				LD_RUNPATH_SEARCH_PATHS = (
					"$(inherited)",
					"@executable_path/Frameworks",
					"@loader_path/Frameworks",
				);
				PRODUCT_BUNDLE_IDENTIFIER = com.aslanmehmetsalih.BaseProjectUITests;
				PRODUCT_NAME = "$(TARGET_NAME)";
				SWIFT_VERSION = 5.0;
				TARGETED_DEVICE_FAMILY = "1,2";
				TEST_TARGET_NAME = BaseProject;
			};
			name = Release;
		};
		7AFC72F02551FC8B00B30789 /* Development */ = {
			isa = XCBuildConfiguration;
			buildSettings = {
				ALWAYS_SEARCH_USER_PATHS = NO;
				CLANG_ANALYZER_NONNULL = YES;
				CLANG_ANALYZER_NUMBER_OBJECT_CONVERSION = YES_AGGRESSIVE;
				CLANG_CXX_LANGUAGE_STANDARD = "gnu++14";
				CLANG_CXX_LIBRARY = "libc++";
				CLANG_ENABLE_MODULES = YES;
				CLANG_ENABLE_OBJC_ARC = YES;
				CLANG_ENABLE_OBJC_WEAK = YES;
				CLANG_WARN_BLOCK_CAPTURE_AUTORELEASING = YES;
				CLANG_WARN_BOOL_CONVERSION = YES;
				CLANG_WARN_COMMA = YES;
				CLANG_WARN_CONSTANT_CONVERSION = YES;
				CLANG_WARN_DEPRECATED_OBJC_IMPLEMENTATIONS = YES;
				CLANG_WARN_DIRECT_OBJC_ISA_USAGE = YES_ERROR;
				CLANG_WARN_DOCUMENTATION_COMMENTS = YES;
				CLANG_WARN_EMPTY_BODY = YES;
				CLANG_WARN_ENUM_CONVERSION = YES;
				CLANG_WARN_INFINITE_RECURSION = YES;
				CLANG_WARN_INT_CONVERSION = YES;
				CLANG_WARN_NON_LITERAL_NULL_CONVERSION = YES;
				CLANG_WARN_OBJC_IMPLICIT_RETAIN_SELF = YES;
				CLANG_WARN_OBJC_LITERAL_CONVERSION = YES;
				CLANG_WARN_OBJC_ROOT_CLASS = YES_ERROR;
				CLANG_WARN_QUOTED_INCLUDE_IN_FRAMEWORK_HEADER = YES;
				CLANG_WARN_RANGE_LOOP_ANALYSIS = YES;
				CLANG_WARN_STRICT_PROTOTYPES = YES;
				CLANG_WARN_SUSPICIOUS_MOVE = YES;
				CLANG_WARN_UNGUARDED_AVAILABILITY = YES_AGGRESSIVE;
				CLANG_WARN_UNREACHABLE_CODE = YES;
				CLANG_WARN__DUPLICATE_METHOD_MATCH = YES;
				COPY_PHASE_STRIP = NO;
				DEBUG_INFORMATION_FORMAT = "dwarf-with-dsym";
				ENABLE_NS_ASSERTIONS = NO;
				ENABLE_STRICT_OBJC_MSGSEND = YES;
				GCC_C_LANGUAGE_STANDARD = gnu11;
				GCC_NO_COMMON_BLOCKS = YES;
				GCC_WARN_64_TO_32_BIT_CONVERSION = YES;
				GCC_WARN_ABOUT_RETURN_TYPE = YES_ERROR;
				GCC_WARN_UNDECLARED_SELECTOR = YES;
				GCC_WARN_UNINITIALIZED_AUTOS = YES_AGGRESSIVE;
				GCC_WARN_UNUSED_FUNCTION = YES;
				GCC_WARN_UNUSED_VARIABLE = YES;
				IPHONEOS_DEPLOYMENT_TARGET = 14.1;
				MTL_ENABLE_DEBUG_INFO = NO;
				MTL_FAST_MATH = YES;
				SDKROOT = iphoneos;
				SWIFT_COMPILATION_MODE = wholemodule;
				SWIFT_OPTIMIZATION_LEVEL = "-O";
				VALIDATE_PRODUCT = YES;
			};
			name = Development;
		};
		7AFC72F12551FC8B00B30789 /* Development */ = {
			isa = XCBuildConfiguration;
			baseConfigurationReference = 1A588C62EA483BF76055A722 /* Pods-BaseProject.development.xcconfig */;
			buildSettings = {
				ASSETCATALOG_COMPILER_APPICON_NAME = AppIcon;
				ASSETCATALOG_COMPILER_GLOBAL_ACCENT_COLOR_NAME = AccentColor;
				CODE_SIGN_STYLE = Automatic;
				DEVELOPMENT_TEAM = 6WJEW78823;
				INFOPLIST_FILE = "BaseProject/Configurations/Development/Info-Development.plist";
				LD_RUNPATH_SEARCH_PATHS = (
					"$(inherited)",
					"@executable_path/Frameworks",
				);
				PRODUCT_BUNDLE_IDENTIFIER = com.aslanmehmetsalih.baseproject.development;
				PRODUCT_NAME = "$(TARGET_NAME)";
				SWIFT_OBJC_BRIDGING_HEADER = "BaseProject/Configurations/BaseProject-Bridging-Header.h";
				SWIFT_VERSION = 5.0;
				TARGETED_DEVICE_FAMILY = "1,2";
			};
			name = Development;
		};
		7AFC72F22551FC8B00B30789 /* Development */ = {
			isa = XCBuildConfiguration;
			baseConfigurationReference = 9EE74B72D7103B4200056E66 /* Pods-BaseProjectTests.development.xcconfig */;
			buildSettings = {
				ALWAYS_EMBED_SWIFT_STANDARD_LIBRARIES = YES;
				BUNDLE_LOADER = "$(TEST_HOST)";
				CODE_SIGN_STYLE = Automatic;
				DEVELOPMENT_TEAM = 6WJEW78823;
				INFOPLIST_FILE = BaseProjectTests/Info.plist;
				IPHONEOS_DEPLOYMENT_TARGET = 14.1;
				LD_RUNPATH_SEARCH_PATHS = (
					"$(inherited)",
					"@executable_path/Frameworks",
					"@loader_path/Frameworks",
				);
				PRODUCT_BUNDLE_IDENTIFIER = com.aslanmehmetsalih.BaseProjectTests;
				PRODUCT_NAME = "$(TARGET_NAME)";
				SWIFT_VERSION = 5.0;
				TARGETED_DEVICE_FAMILY = "1,2";
				TEST_HOST = "$(BUILT_PRODUCTS_DIR)/BaseProject.app/BaseProject";
			};
			name = Development;
		};
		7AFC72F32551FC8B00B30789 /* Development */ = {
			isa = XCBuildConfiguration;
			baseConfigurationReference = 7CCB22CB28D4B8E8C4857052 /* Pods-BaseProject-BaseProjectUITests.development.xcconfig */;
			buildSettings = {
				ALWAYS_EMBED_SWIFT_STANDARD_LIBRARIES = YES;
				CODE_SIGN_STYLE = Automatic;
				DEVELOPMENT_TEAM = 6WJEW78823;
				INFOPLIST_FILE = BaseProjectUITests/Info.plist;
				LD_RUNPATH_SEARCH_PATHS = (
					"$(inherited)",
					"@executable_path/Frameworks",
					"@loader_path/Frameworks",
				);
				PRODUCT_BUNDLE_IDENTIFIER = com.aslanmehmetsalih.BaseProjectUITests;
				PRODUCT_NAME = "$(TARGET_NAME)";
				SWIFT_VERSION = 5.0;
				TARGETED_DEVICE_FAMILY = "1,2";
				TEST_TARGET_NAME = BaseProject;
			};
			name = Development;
		};
/* End XCBuildConfiguration section */

/* Begin XCConfigurationList section */
		7AFC72942551FA1800B30789 /* Build configuration list for PBXProject "BaseProject" */ = {
			isa = XCConfigurationList;
			buildConfigurations = (
				7AFC72C12551FA1A00B30789 /* Debug */,
				7AFC72C22551FA1A00B30789 /* Release */,
				7AFC72F02551FC8B00B30789 /* Development */,
			);
			defaultConfigurationIsVisible = 0;
			defaultConfigurationName = Release;
		};
		7AFC72C32551FA1A00B30789 /* Build configuration list for PBXNativeTarget "BaseProject" */ = {
			isa = XCConfigurationList;
			buildConfigurations = (
				7AFC72C42551FA1A00B30789 /* Debug */,
				7AFC72C52551FA1A00B30789 /* Release */,
				7AFC72F12551FC8B00B30789 /* Development */,
			);
			defaultConfigurationIsVisible = 0;
			defaultConfigurationName = Release;
		};
		7AFC72C62551FA1A00B30789 /* Build configuration list for PBXNativeTarget "BaseProjectTests" */ = {
			isa = XCConfigurationList;
			buildConfigurations = (
				7AFC72C72551FA1A00B30789 /* Debug */,
				7AFC72C82551FA1A00B30789 /* Release */,
				7AFC72F22551FC8B00B30789 /* Development */,
			);
			defaultConfigurationIsVisible = 0;
			defaultConfigurationName = Release;
		};
		7AFC72C92551FA1A00B30789 /* Build configuration list for PBXNativeTarget "BaseProjectUITests" */ = {
			isa = XCConfigurationList;
			buildConfigurations = (
				7AFC72CA2551FA1A00B30789 /* Debug */,
				7AFC72CB2551FA1A00B30789 /* Release */,
				7AFC72F32551FC8B00B30789 /* Development */,
			);
			defaultConfigurationIsVisible = 0;
			defaultConfigurationName = Release;
		};
/* End XCConfigurationList section */
	};
	rootObject = 7AFC72912551FA1800B30789 /* Project object */;
}
